// !$*UTF8*$!
{
	archiveVersion = 1;
	classes = {
	};
	objectVersion = 46;
	objects = {

/* Begin PBXBuildFile section */
		5CB60E1D1DF15EE200C8C5EC /* AppDelegate.swift in Sources */ = {isa = PBXBuildFile; fileRef = 5CB60E1C1DF15EE200C8C5EC /* AppDelegate.swift */; };
		5CB60E1F1DF15EE200C8C5EC /* ViewController.swift in Sources */ = {isa = PBXBuildFile; fileRef = 5CB60E1E1DF15EE200C8C5EC /* ViewController.swift */; };
		5CB60E221DF15EE200C8C5EC /* Main.storyboard in Resources */ = {isa = PBXBuildFile; fileRef = 5CB60E201DF15EE200C8C5EC /* Main.storyboard */; };
		5CB60E241DF15EE200C8C5EC /* Assets.xcassets in Resources */ = {isa = PBXBuildFile; fileRef = 5CB60E231DF15EE200C8C5EC /* Assets.xcassets */; };
		5CB60E271DF15EE200C8C5EC /* LaunchScreen.storyboard in Resources */ = {isa = PBXBuildFile; fileRef = 5CB60E251DF15EE200C8C5EC /* LaunchScreen.storyboard */; };
/* End PBXBuildFile section */

/* Begin PBXFileReference section */
		5CB60E191DF15EE200C8C5EC /* VVepetizerDemo.app */ = {isa = PBXFileReference; explicitFileType = wrapper.application; includeInIndex = 0; path = VVepetizerDemo.app; sourceTree = BUILT_PRODUCTS_DIR; };
		5CB60E1C1DF15EE200C8C5EC /* AppDelegate.swift */ = {isa = PBXFileReference; lastKnownFileType = sourcecode.swift; path = AppDelegate.swift; sourceTree = "<group>"; };
		5CB60E1E1DF15EE200C8C5EC /* ViewController.swift */ = {isa = PBXFileReference; lastKnownFileType = sourcecode.swift; path = ViewController.swift; sourceTree = "<group>"; };
		5CB60E211DF15EE200C8C5EC /* Base */ = {isa = PBXFileReference; lastKnownFileType = file.storyboard; name = Base; path = Base.lproj/Main.storyboard; sourceTree = "<group>"; };
		5CB60E231DF15EE200C8C5EC /* Assets.xcassets */ = {isa = PBXFileReference; lastKnownFileType = folder.assetcatalog; path = Assets.xcassets; sourceTree = "<group>"; };
		5CB60E261DF15EE200C8C5EC /* Base */ = {isa = PBXFileReference; lastKnownFileType = file.storyboard; name = Base; path = Base.lproj/LaunchScreen.storyboard; sourceTree = "<group>"; };
		5CB60E281DF15EE200C8C5EC /* Info.plist */ = {isa = PBXFileReference; lastKnownFileType = text.plist.xml; path = Info.plist; sourceTree = "<group>"; };
/* End PBXFileReference section */

/* Begin PBXFrameworksBuildPhase section */
		5CB60E161DF15EE200C8C5EC /* Frameworks */ = {
			isa = PBXFrameworksBuildPhase;
			buildActionMask = 2147483647;
			files = (
			);
			runOnlyForDeploymentPostprocessing = 0;
		};
/* End PBXFrameworksBuildPhase section */

/* Begin PBXGroup section */
		5CB60E101DF15EE200C8C5EC = {
			isa = PBXGroup;
			children = (
				5CB60E1B1DF15EE200C8C5EC /* VVepetizerDemo */,
				5CB60E1A1DF15EE200C8C5EC /* Products */,
			);
			sourceTree = "<group>";
		};
		5CB60E1A1DF15EE200C8C5EC /* Products */ = {
			isa = PBXGroup;
			children = (
				5CB60E191DF15EE200C8C5EC /* VVepetizerDemo.app */,
			);
			name = Products;
			sourceTree = "<group>";
		};
		5CB60E1B1DF15EE200C8C5EC /* VVepetizerDemo */ = {
			isa = PBXGroup;
			children = (
				5CB60E1C1DF15EE200C8C5EC /* AppDelegate.swift */,
				5CB60E1E1DF15EE200C8C5EC /* ViewController.swift */,
				5CB60E201DF15EE200C8C5EC /* Main.storyboard */,
				5CB60E231DF15EE200C8C5EC /* Assets.xcassets */,
				5CB60E251DF15EE200C8C5EC /* LaunchScreen.storyboard */,
				5CB60E281DF15EE200C8C5EC /* Info.plist */,
			);
			path = VVepetizerDemo;
			sourceTree = "<group>";
		};
/* End PBXGroup section */

/* Begin PBXNativeTarget section */
		5CB60E181DF15EE200C8C5EC /* VVepetizerDemo */ = {
			isa = PBXNativeTarget;
			buildConfigurationList = 5CB60E2B1DF15EE200C8C5EC /* Build configuration list for PBXNativeTarget "VVepetizerDemo" */;
			buildPhases = (
				5CB60E151DF15EE200C8C5EC /* Sources */,
				5CB60E161DF15EE200C8C5EC /* Frameworks */,
				5CB60E171DF15EE200C8C5EC /* Resources */,
			);
			buildRules = (
			);
			dependencies = (
			);
			name = VVepetizerDemo;
			productName = VVepetizerDemo;
			productReference = 5CB60E191DF15EE200C8C5EC /* VVepetizerDemo.app */;
			productType = "com.apple.product-type.application";
		};
/* End PBXNativeTarget section */

/* Begin PBXProject section */
		5CB60E111DF15EE200C8C5EC /* Project object */ = {
			isa = PBXProject;
			attributes = {
				LastSwiftUpdateCheck = 0820;
				LastUpgradeCheck = 0820;
				ORGANIZATIONNAME = atom;
				TargetAttributes = {
					5CB60E181DF15EE200C8C5EC = {
						CreatedOnToolsVersion = 8.2;
						DevelopmentTeam = JE8CSGTB5D;
						ProvisioningStyle = Automatic;
					};
				};
			};
			buildConfigurationList = 5CB60E141DF15EE200C8C5EC /* Build configuration list for PBXProject "VVepetizerDemo" */;
			compatibilityVersion = "Xcode 3.2";
			developmentRegion = English;
			hasScannedForEncodings = 0;
			knownRegions = (
				en,
				Base,
			);
			mainGroup = 5CB60E101DF15EE200C8C5EC;
			productRefGroup = 5CB60E1A1DF15EE200C8C5EC /* Products */;
			projectDirPath = "";
			projectRoot = "";
			targets = (
				5CB60E181DF15EE200C8C5EC /* VVepetizerDemo */,
			);
		};
/* End PBXProject section */

/* Begin PBXResourcesBuildPhase section */
		5CB60E171DF15EE200C8C5EC /* Resources */ = {
			isa = PBXResourcesBuildPhase;
			buildActionMask = 2147483647;
			files = (
				5CB60E271DF15EE200C8C5EC /* LaunchScreen.storyboard in Resources */,
				5CB60E241DF15EE200C8C5EC /* Assets.xcassets in Resources */,
				5CB60E221DF15EE200C8C5EC /* Main.storyboard in Resources */,
			);
			runOnlyForDeploymentPostprocessing = 0;
		};
/* End PBXResourcesBuildPhase section */

/* Begin PBXSourcesBuildPhase section */
		5CB60E151DF15EE200C8C5EC /* Sources */ = {
			isa = PBXSourcesBuildPhase;
			buildActionMask = 2147483647;
			files = (
				5CB60E1F1DF15EE200C8C5EC /* ViewController.swift in Sources */,
				5CB60E1D1DF15EE200C8C5EC /* AppDelegate.swift in Sources */,
			);
			runOnlyForDeploymentPostprocessing = 0;
		};
/* End PBXSourcesBuildPhase section */

/* Begin PBXVariantGroup section */
		5CB60E201DF15EE200C8C5EC /* Main.storyboard */ = {
			isa = PBXVariantGroup;
			children = (
				5CB60E211DF15EE200C8C5EC /* Base */,
			);
			name = Main.storyboard;
			sourceTree = "<group>";
		};
		5CB60E251DF15EE200C8C5EC /* LaunchScreen.storyboard */ = {
			isa = PBXVariantGroup;
			children = (
				5CB60E261DF15EE200C8C5EC /* Base */,
			);
			name = LaunchScreen.storyboard;
			sourceTree = "<group>";
		};
/* End PBXVariantGroup section */

/* Begin XCBuildConfiguration section */
		5CB60E291DF15EE200C8C5EC /* Debug */ = {
			isa = XCBuildConfiguration;
			buildSettings = {
				ALWAYS_SEARCH_USER_PATHS = NO;
				CLANG_ANALYZER_NONNULL = YES;
				CLANG_CXX_LANGUAGE_STANDARD = "gnu++0x";
				CLANG_CXX_LIBRARY = "libc++";
				CLANG_ENABLE_MODULES = YES;
				CLANG_ENABLE_OBJC_ARC = YES;
				CLANG_WARN_BOOL_CONVERSION = YES;
				CLANG_WARN_CONSTANT_CONVERSION = YES;
				CLANG_WARN_DIRECT_OBJC_ISA_USAGE = YES_ERROR;
				CLANG_WARN_DOCUMENTATION_COMMENTS = YES;
				CLANG_WARN_EMPTY_BODY = YES;
				CLANG_WARN_ENUM_CONVERSION = YES;
				CLANG_WARN_INFINITE_RECURSION = YES;
				CLANG_WARN_INT_CONVERSION = YES;
				CLANG_WARN_OBJC_ROOT_CLASS = YES_ERROR;
				CLANG_WARN_SUSPICIOUS_MOVE = YES;
				CLANG_WARN_UNREACHABLE_CODE = YES;
				CLANG_WARN__DUPLICATE_METHOD_MATCH = YES;
				"CODE_SIGN_IDENTITY[sdk=iphoneos*]" = "iPhone Developer";
				COPY_PHASE_STRIP = NO;
				DEBUG_INFORMATION_FORMAT = dwarf;
				ENABLE_STRICT_OBJC_MSGSEND = YES;
				ENABLE_TESTABILITY = YES;
				GCC_C_LANGUAGE_STANDARD = gnu99;
				GCC_DYNAMIC_NO_PIC = NO;
				GCC_NO_COMMON_BLOCKS = YES;
				GCC_OPTIMIZATION_LEVEL = 0;
				GCC_PREPROCESSOR_DEFINITIONS = (
					"DEBUG=1",
					"$(inherited)",
				);
				GCC_WARN_64_TO_32_BIT_CONVERSION = YES;
				GCC_WARN_ABOUT_RETURN_TYPE = YES_ERROR;
				GCC_WARN_UNDECLARED_SELECTOR = YES;
				GCC_WARN_UNINITIALIZED_AUTOS = YES_AGGRESSIVE;
				GCC_WARN_UNUSED_FUNCTION = YES;
				GCC_WARN_UNUSED_VARIABLE = YES;
				IPHONEOS_DEPLOYMENT_TARGET = 10.2;
				MTL_ENABLE_DEBUG_INFO = YES;
				ONLY_ACTIVE_ARCH = YES;
				SDKROOT = iphoneos;
				SWIFT_ACTIVE_COMPILATION_CONDITIONS = DEBUG;
				SWIFT_OPTIMIZATION_LEVEL = "-Onone";
			};
			name = Debug;
		};
		5CB60E2A1DF15EE200C8C5EC /* Release */ = {
			isa = XCBuildConfiguration;
			buildSettings = {
				ALWAYS_SEARCH_USER_PATHS = NO;
				CLANG_ANALYZER_NONNULL = YES;
				CLANG_CXX_LANGUAGE_STANDARD = "gnu++0x";
				CLANG_CXX_LIBRARY = "libc++";
				CLANG_ENABLE_MODULES = YES;
				CLANG_ENABLE_OBJC_ARC = YES;
				CLANG_WARN_BOOL_CONVERSION = YES;
				CLANG_WARN_CONSTANT_CONVERSION = YES;
				CLANG_WARN_DIRECT_OBJC_ISA_USAGE = YES_ERROR;
				CLANG_WARN_DOCUMENTATION_COMMENTS = YES;
				CLANG_WARN_EMPTY_BODY = YES;
				CLANG_WARN_ENUM_CONVERSION = YES;
				CLANG_WARN_INFINITE_RECURSION = YES;
				CLANG_WARN_INT_CONVERSION = YES;
				CLANG_WARN_OBJC_ROOT_CLASS = YES_ERROR;
				CLANG_WARN_SUSPICIOUS_MOVE = YES;
				CLANG_WARN_UNREACHABLE_CODE = YES;
				CLANG_WARN__DUPLICATE_METHOD_MATCH = YES;
				"CODE_SIGN_IDENTITY[sdk=iphoneos*]" = "iPhone Developer";
				COPY_PHASE_STRIP = NO;
				DEBUG_INFORMATION_FORMAT = "dwarf-with-dsym";
				ENABLE_NS_ASSERTIONS = NO;
				ENABLE_STRICT_OBJC_MSGSEND = YES;
				GCC_C_LANGUAGE_STANDARD = gnu99;
				GCC_NO_COMMON_BLOCKS = YES;
				GCC_WARN_64_TO_32_BIT_CONVERSION = YES;
				GCC_WARN_ABOUT_RETURN_TYPE = YES_ERROR;
				GCC_WARN_UNDECLARED_SELECTOR = YES;
				GCC_WARN_UNINITIALIZED_AUTOS = YES_AGGRESSIVE;
				GCC_WARN_UNUSED_FUNCTION = YES;
				GCC_WARN_UNUSED_VARIABLE = YES;
				IPHONEOS_DEPLOYMENT_TARGET = 10.2;
				MTL_ENABLE_DEBUG_INFO = NO;
				SDKROOT = iphoneos;
				SWIFT_OPTIMIZATION_LEVEL = "-Owholemodule";
				VALIDATE_PRODUCT = YES;
			};
			name = Release;
		};
		5CB60E2C1DF15EE200C8C5EC /* Debug */ = {
			isa = XCBuildConfiguration;
			buildSettings = {
				ASSETCATALOG_COMPILER_APPICON_NAME = AppIcon;
				DEVELOPMENT_TEAM = JE8CSGTB5D;
				INFOPLIST_FILE = VVepetizerDemo/Info.plist;
				LD_RUNPATH_SEARCH_PATHS = "$(inherited) @executable_path/Frameworks";
				PRODUCT_BUNDLE_IDENTIFIER = pw.code4swift.VVepetizerDemo;
				PRODUCT_NAME = "$(TARGET_NAME)";
				SWIFT_VERSION = 3.0;
			};
			name = Debug;
		};
		5CB60E2D1DF15EE200C8C5EC /* Release */ = {
			isa = XCBuildConfiguration;
			buildSettings = {
				ASSETCATALOG_COMPILER_APPICON_NAME = AppIcon;
				DEVELOPMENT_TEAM = JE8CSGTB5D;
				INFOPLIST_FILE = VVepetizerDemo/Info.plist;
				LD_RUNPATH_SEARCH_PATHS = "$(inherited) @executable_path/Frameworks";
				PRODUCT_BUNDLE_IDENTIFIER = pw.code4swift.VVepetizerDemo;
				PRODUCT_NAME = "$(TARGET_NAME)";
				SWIFT_VERSION = 3.0;
			};
			name = Release;
		};
/* End XCBuildConfiguration section */

/* Begin XCConfigurationList section */
		5CB60E141DF15EE200C8C5EC /* Build configuration list for PBXProject "VVepetizerDemo" */ = {
			isa = XCConfigurationList;
			buildConfigurations = (
				5CB60E291DF15EE200C8C5EC /* Debug */,
				5CB60E2A1DF15EE200C8C5EC /* Release */,
			);
			defaultConfigurationIsVisible = 0;
			defaultConfigurationName = Release;
		};
		5CB60E2B1DF15EE200C8C5EC /* Build configuration list for PBXNativeTarget "VVepetizerDemo" */ = {
			isa = XCConfigurationList;
			buildConfigurations = (
				5CB60E2C1DF15EE200C8C5EC /* Debug */,
				5CB60E2D1DF15EE200C8C5EC /* Release */,
			);
			defaultConfigurationIsVisible = 0;
		};
/* End XCConfigurationList section */
	};
	rootObject = 5CB60E111DF15EE200C8C5EC /* Project object */;
}
